
Microsoft Visual Studio Solution File, Format Version 12.00
# Visual Studio 15
VisualStudioVersion = 15.0.28010.2003
MinimumVisualStudioVersion = 10.0.40219.1
Project("{FAE04EC0-301F-11D3-BF4B-00C04F79EFBC}") = "Spreadsheet_Ryan_Valencia", "Spreadsheet_Ryan_Valencia\Spreadsheet_Ryan_Valencia.csproj", "{76D4999E-A131-4558-ABDD-B278832F0115}"
EndProject
Project("{FAE04EC0-301F-11D3-BF4B-00C04F79EFBC}") = "Spreadsheet.Tests", "Spreadsheet.Tests\Spreadsheet.Tests.csproj", "{8EDF4429-251A-416D-BB68-93F227191BCF}"
EndProject
Project("{FAE04EC0-301F-11D3-BF4B-00C04F79EFBC}") = "SpreadsheetEngine", "SpreadsheetEngine\SpreadsheetEngine.csproj", "{F2E41CF2-B0EE-4B66-9C90-93D11DF266B9}"
EndProject
Project("{2150E333-8FDC-42A3-9474-1A3956D46DE8}") = "Solution Items", "Solution Items", "{DF7B373F-E247-404E-A2C7-26F2368FD926}"
EndProject
Global
	GlobalSection(SolutionConfigurationPlatforms) = preSolution
		Debug|Any CPU = Debug|Any CPU
		Release|Any CPU = Release|Any CPU
	EndGlobalSection
	GlobalSection(ProjectConfigurationPlatforms) = postSolution
		{76D4999E-A131-4558-ABDD-B278832F0115}.Debug|Any CPU.ActiveCfg = Debug|Any CPU
		{76D4999E-A131-4558-ABDD-B278832F0115}.Debug|Any CPU.Build.0 = Debug|Any CPU
		{76D4999E-A131-4558-ABDD-B278832F0115}.Release|Any CPU.ActiveCfg = Release|Any CPU
		{76D4999E-A131-4558-ABDD-B278832F0115}.Release|Any CPU.Build.0 = Release|Any CPU
		{8EDF4429-251A-416D-BB68-93F227191BCF}.Debug|Any CPU.ActiveCfg = Debug|Any CPU
		{8EDF4429-251A-416D-BB68-93F227191BCF}.Debug|Any CPU.Build.0 = Debug|Any CPU
		{8EDF4429-251A-416D-BB68-93F227191BCF}.Release|Any CPU.ActiveCfg = Release|Any CPU
		{8EDF4429-251A-416D-BB68-93F227191BCF}.Release|Any CPU.Build.0 = Release|Any CPU
		{F2E41CF2-B0EE-4B66-9C90-93D11DF266B9}.Debug|Any CPU.ActiveCfg = Debug|Any CPU
		{F2E41CF2-B0EE-4B66-9C90-93D11DF266B9}.Debug|Any CPU.Build.0 = Debug|Any CPU
		{F2E41CF2-B0EE-4B66-9C90-93D11DF266B9}.Release|Any CPU.ActiveCfg = Release|Any CPU
		{F2E41CF2-B0EE-4B66-9C90-93D11DF266B9}.Release|Any CPU.Build.0 = Release|Any CPU
	EndGlobalSection
	GlobalSection(SolutionProperties) = preSolution
		HideSolutionNode = FALSE
	EndGlobalSection
	GlobalSection(ExtensibilityGlobals) = postSolution
		SolutionGuid = {2CB752F1-CDB5-41A6-8F17-28EFE2B8A852}
	EndGlobalSection
EndGlobal
